
Microsoft Visual Studio Solution File, Format Version 12.00
# Visual Studio 15
VisualStudioVersion = 15.0.28307.421
MinimumVisualStudioVersion = 10.0.40219.1
Project("{FAE04EC0-301F-11D3-BF4B-00C04F79EFBC}") = "SF-DataExport", "SF-DataExport\SF-DataExport.csproj", "{180408BD-D940-417B-85D8-15594F446471}"
EndProject
Global
	GlobalSection(SolutionConfigurationPlatforms) = preSolution
		Debug|Any CPU = Debug|Any CPU
		Release|Any CPU = Release|Any CPU
	EndGlobalSection
	GlobalSection(ProjectConfigurationPlatforms) = postSolution
		{180408BD-D940-417B-85D8-15594F446471}.Debug|Any CPU.ActiveCfg = Debug|Any CPU
		{180408BD-D940-417B-85D8-15594F446471}.Debug|Any CPU.Build.0 = Debug|Any CPU
		{180408BD-D940-417B-85D8-15594F446471}.Release|Any CPU.ActiveCfg = Release|Any CPU
		{180408BD-D940-417B-85D8-15594F446471}.Release|Any CPU.Build.0 = Release|Any CPU
	EndGlobalSection
	GlobalSection(SolutionProperties) = preSolution
		HideSolutionNode = FALSE
	EndGlobalSection
	GlobalSection(ExtensibilityGlobals) = postSolution
		SolutionGuid = {9D6AC116-72BA-4678-92BA-BA5E21E4DE9F}
	EndGlobalSection
EndGlobal
